
Microsoft Visual Studio Solution File, Format Version 12.00
# Visual Studio Version 17
VisualStudioVersion = 17.13.35919.96 d17.13
MinimumVisualStudioVersion = 10.0.40219.1
Project("{FAE04EC0-301F-11D3-BF4B-00C04F79EFBC}") = "InvoiceApp.Api", "src\InvoiceApp.Api\InvoiceApp.Api.csproj", "{62F5C6F8-8F50-4A20-9632-07D3798CD0D6}"
EndProject
Project("{FAE04EC0-301F-11D3-BF4B-00C04F79EFBC}") = "InvoiceApp.Application", "src\InvoiceApp.Application\InvoiceApp.Application.csproj", "{1D41F970-8702-4B3D-A6CC-940908E56C6E}"
EndProject
Project("{FAE04EC0-301F-11D3-BF4B-00C04F79EFBC}") = "InvoiceApp.CrossCutting", "src\InvoiceApp.CrossCutting\InvoiceApp.CrossCutting.csproj", "{4250FBBB-4D86-4092-B9EE-FF21632FA3D2}"
EndProject
Global
	GlobalSection(SolutionConfigurationPlatforms) = preSolution
		Debug|Any CPU = Debug|Any CPU
		Release|Any CPU = Release|Any CPU
	EndGlobalSection
	GlobalSection(ProjectConfigurationPlatforms) = postSolution
		{62F5C6F8-8F50-4A20-9632-07D3798CD0D6}.Debug|Any CPU.ActiveCfg = Debug|Any CPU
		{62F5C6F8-8F50-4A20-9632-07D3798CD0D6}.Debug|Any CPU.Build.0 = Debug|Any CPU
		{62F5C6F8-8F50-4A20-9632-07D3798CD0D6}.Release|Any CPU.ActiveCfg = Release|Any CPU
		{62F5C6F8-8F50-4A20-9632-07D3798CD0D6}.Release|Any CPU.Build.0 = Release|Any CPU
		{1D41F970-8702-4B3D-A6CC-940908E56C6E}.Debug|Any CPU.ActiveCfg = Debug|Any CPU
		{1D41F970-8702-4B3D-A6CC-940908E56C6E}.Debug|Any CPU.Build.0 = Debug|Any CPU
		{1D41F970-8702-4B3D-A6CC-940908E56C6E}.Release|Any CPU.ActiveCfg = Release|Any CPU
		{1D41F970-8702-4B3D-A6CC-940908E56C6E}.Release|Any CPU.Build.0 = Release|Any CPU
		{4250FBBB-4D86-4092-B9EE-FF21632FA3D2}.Debug|Any CPU.ActiveCfg = Debug|Any CPU
		{4250FBBB-4D86-4092-B9EE-FF21632FA3D2}.Debug|Any CPU.Build.0 = Debug|Any CPU
		{4250FBBB-4D86-4092-B9EE-FF21632FA3D2}.Release|Any CPU.ActiveCfg = Release|Any CPU
		{4250FBBB-4D86-4092-B9EE-FF21632FA3D2}.Release|Any CPU.Build.0 = Release|Any CPU
	EndGlobalSection
	GlobalSection(SolutionProperties) = preSolution
		HideSolutionNode = FALSE
	EndGlobalSection
	GlobalSection(ExtensibilityGlobals) = postSolution
		SolutionGuid = {738F2BE9-427D-4CBA-AF4E-ADF86790F5DC}
	EndGlobalSection
EndGlobal
